{
  "requires": true,
  "lockfileVersion": 1,
  "dependencies": {
    "zrender": {
      "version": "4.3.2",
      "resolved": "https://registry.npmjs.org/zrender/-/zrender-4.3.2.tgz",
      "integrity": "sha512-bIusJLS8c4DkIcdiK+s13HiQ/zjQQVgpNohtd8d94Y2DnJqgM1yjh/jpDb8DoL6hd7r8Awagw8e3qK/oLaWr3g=="
    }
  }
}
